---
filters:
  - frei0r.3dflippo
  - frei0r.B
  - frei0r.G
  - frei0r.IIRblur
  - frei0r.R
  - frei0r.alpha0ps
  - frei0r.alphagrad
  - frei0r.alphaspot
  - frei0r.balanc0r
  - frei0r.baltan
  - frei0r.bgsubtract0r
  - frei0r.bluescreen0r
  - frei0r.brightness
  - frei0r.bw0r
  - frei0r.c0rners
  - frei0r.cairogradient
  - frei0r.cairoimagegrid
  - frei0r.cartoon
  - frei0r.cluster
  - frei0r.colgate
  - frei0r.coloradj_RGB
  - frei0r.colordistance
  - frei0r.colorhalftone
  - frei0r.colorize
  - frei0r.colortap
  - frei0r.contrast0r
  - frei0r.curves
  - frei0r.d90stairsteppingfix
  - frei0r.defish0r
  - frei0r.delay0r
  - frei0r.delaygrab
  - frei0r.distort0r
  - frei0r.dither
  - frei0r.edgeglow
  - frei0r.elastic_scale
  - frei0r.emboss
  - frei0r.equaliz0r
  - frei0r.flippo
  - frei0r.gamma
  - frei0r.glitch0r
  - frei0r.glow
  - frei0r.hqdn3d
  - frei0r.hueshift0r
  - frei0r.invert0r
  - frei0r.keyspillm0pup
  - frei0r.lenscorrection
  - frei0r.letterb0xed
  - frei0r.levels
  - frei0r.lightgraffiti
  - frei0r.luminance
  - frei0r.mask0mate
  - frei0r.medians
  - frei0r.ndvi
  - frei0r.nervous
  - frei0r.normaliz0r
  - frei0r.nosync0r
  - frei0r.pixeliz0r
  - frei0r.posterize
  - frei0r.pr0be
  - frei0r.pr0file
  - frei0r.premultiply
  - frei0r.primaries
  - frei0r.rgbnoise
  - frei0r.rgbparade
  - frei0r.rgbsplit0r
  - frei0r.saturat0r
  - frei0r.scale0tilt
  - frei0r.scanline0r
  - frei0r.select0r
  - frei0r.sharpness
  - frei0r.sigmoidaltransfer
  - frei0r.sobel
  - frei0r.softglow
  - frei0r.sopsat
  - frei0r.spillsupress
  - frei0r.squareblur
  - frei0r.tehroxx0r
  - frei0r.three_point_balance
  - frei0r.threelay0r
  - frei0r.threshold0r
  - frei0r.timeout
  - frei0r.tint0r
  - frei0r.transparency
  - frei0r.twolay0r
  - frei0r.vectorscope
  - frei0r.vertigo
  - frei0r.vignette
  - cairoblend_mode
  - ladspa.1218
  - ladspa.1407
  - ladspa.1897
  - ladspa.1896
  - ladspa.1895
  - ladspa.1433
  - ladspa.1914
  - ladspa.1186
  - ladspa.1219
  - ladspa.1408
  - ladspa.1431
  - ladspa.1432
  - ladspa.1430
  - ladspa.1888
  - ladspa.1887
  - ladspa.1889
  - ladspa.1190
  - ladspa.1411
  - ladspa.1909
  - ladspa.1915
  - ladspa.1917
  - ladspa.1404
  - ladspa.1207
  - ladspa.1202
  - ladspa.1195
  - ladspa.1402
  - ladspa.1185
  - ladspa.1901
  - ladspa.1907
  - ladspa.1438
  - ladspa.1403
  - ladspa.1886
  - ladspa.1913
  - ladspa.1196
  - ladspa.1191
  - ladspa.1415
  - ladspa.1213
  - ladspa.1192
  - ladspa.1418
  - ladspa.1410
  - ladspa.1437
  - ladspa.1893
  - ladspa.1892
  - ladspa.1904
  - ladspa.1903
  - ladspa.1902
  - ladspa.1890
  - ladspa.1891
  - ladspa.1439
  - ladspa.1424
  - ladspa.1215
  - ladspa.1216
  - ladspa.1413
  - ladspa.1220
  - ladspa.1200
  - ladspa.1194
  - ladspa.1440
  - ladspa.1199
  - ladspa.1429
  - ladspa.1409
  - ladspa.1436
  - ladspa.1217
  - ladspa.1908
  - ladspa.1894
  - ladspa.1422
  - ladspa.1421
  - ladspa.1420
  - ladspa.1419
  - ladspa.1048
  - ladspa.1406
  - ladspa.1197
  - ladspa.1201
  - ladspa.1193
  - ladspa.1423
  - ladspa.1910
  - ladspa.1417
  - ladspa.1208
  - ladspa.1605
  - ladspa.1189
  - ladspa.1188
  - ladspa.1425
  - ladspa.1426
  - ladspa.1427
  - ladspa.1882
  - ladspa.1916
  - ladspa.1883
  - ladspa.1210
  - ladspa.1181
  - ladspa.1043
  - ladspa.1900
  - ladspa.1899
  - ladspa.1898
  - ladspa.1042
  - ladspa.1041
  - ladspa.1044
  - ladspa.1045
  - ladspa.1046
  - ladspa.1203
  - ladspa.1198
  - ladspa.1414
  - ladspa.1214
  - ladspa.1212
  - ladspa.1049
  - ladspa.1401
  - ladspa.1211
  - ladspa.1206
  - ladspa.1204
  - ladspa.1405
  - ladspa.1209
  - ladspa.1337
  - ladspa.1905
  - ladspa.1187
  - ladspa.1412
  - ladspa.1428
  - jack
  - jackrack
  - ladspa
  - boxblur
  - freeze
  - wave
  - motion_est
  - vismv
  - crop_detect
  - autotrack_rectangle
  - audiolevel
  - volume
  - audiowaveform
  - qtext
  - qtblend
  - audiospectrum
  - lightshow
  - chroma
  - chroma_hold
  - threshold
  - shape
  - sox
  - sox.allpass
  - sox.band
  - sox.bandpass
  - sox.bandreject
  - sox.bass
  - sox.bend
  - sox.biquad
  - sox.chorus
  - sox.channels
  - sox.compand
  - sox.contrast
  - sox.dcshift
  - sox.deemph
  - sox.delay
  - sox.dither
  - sox.divide
  - sox.downsample
  - sox.earwax
  - sox.echo
  - sox.echos
  - sox.equalizer
  - sox.fade
  - sox.fir
  - sox.firfit
  - sox.flanger
  - sox.gain
  - sox.highpass
  - sox.hilbert
  - sox.ladspa
  - sox.loudness
  - sox.lowpass
  - sox.mcompand
  - sox.noiseprof
  - sox.noisered
  - sox.norm
  - sox.oops
  - sox.overdrive
  - sox.pad
  - sox.phaser
  - sox.pitch
  - sox.rate
  - sox.remix
  - sox.repeat
  - sox.reverb
  - sox.reverse
  - sox.riaa
  - sox.silence
  - sox.sinc
  - sox.spectrogram
  - sox.speed
  - sox.splice
  - sox.stat
  - sox.stats
  - sox.stretch
  - sox.swap
  - sox.synth
  - sox.tempo
  - sox.treble
  - sox.tremolo
  - sox.trim
  - sox.upsample
  - sox.vad
  - sox.vol
  - deshake
  - vidstab
  - avcolour_space
  - avcolor_space
  - avdeinterlace
  - swscale
  - avfilter.abench
  - avfilter.acompressor
  - avfilter.acontrast
  - avfilter.acue
  - avfilter.acrusher
  - avfilter.adeclick
  - avfilter.adeclip
  - avfilter.adelay
  - avfilter.aderivative
  - avfilter.aecho
  - avfilter.aemphasis
  - avfilter.aeval
  - avfilter.afade
  - avfilter.afftdn
  - avfilter.afftfilt
  - avfilter.agate
  - avfilter.aintegral
  - avfilter.alimiter
  - avfilter.allpass
  - avfilter.aloop
  - avfilter.ametadata
  - avfilter.anlmdn
  - avfilter.aphaser
  - avfilter.apulsator
  - avfilter.arealtime
  - avfilter.ashowinfo
  - avfilter.asidedata
  - avfilter.asoftclip
  - avfilter.astats
  - avfilter.azmq
  - avfilter.bandpass
  - avfilter.bandreject
  - avfilter.bass
  - avfilter.biquad
  - avfilter.bs2b
  - avfilter.channelmap
  - avfilter.chorus
  - avfilter.compand
  - avfilter.compensationdelay
  - avfilter.crossfeed
  - avfilter.crystalizer
  - avfilter.dcshift
  - avfilter.deesser
  - avfilter.drmeter
  - avfilter.dynaudnorm
  - avfilter.earwax
  - avfilter.equalizer
  - avfilter.extrastereo
  - avfilter.firequalizer
  - avfilter.flanger
  - avfilter.haas
  - avfilter.hdcd
  - avfilter.highpass
  - avfilter.highshelf
  - avfilter.loudnorm
  - avfilter.lowpass
  - avfilter.lowshelf
  - avfilter.mcompand
  - avfilter.rubberband
  - avfilter.silencedetect
  - avfilter.sofalizer
  - avfilter.stereotools
  - avfilter.stereowiden
  - avfilter.superequalizer
  - avfilter.treble
  - avfilter.tremolo
  - avfilter.vibrato
  - avfilter.volume
  - avfilter.volumedetect
  - avfilter.amplify
  - avfilter.ass
  - avfilter.atadenoise
  - avfilter.avgblur
  - avfilter.avgblur_opencl
  - avfilter.bbox
  - avfilter.bench
  - avfilter.bitplanenoise
  - avfilter.blackdetect
  - avfilter.blackframe
  - avfilter.boxblur
  - avfilter.boxblur_opencl
  - avfilter.bwdif
  - avfilter.chromahold
  - avfilter.chromakey
  - avfilter.chromashift
  - avfilter.ciescope
  - avfilter.colorbalance
  - avfilter.colorchannelmixer
  - avfilter.colorkey
  - avfilter.colorkey_opencl
  - avfilter.colorhold
  - avfilter.colorlevels
  - avfilter.colormatrix
  - avfilter.colorspace
  - avfilter.convolution
  - avfilter.convolution_opencl
  - avfilter.crop
  - avfilter.cropdetect
  - avfilter.cue
  - avfilter.curves
  - avfilter.datascope
  - avfilter.dctdnoiz
  - avfilter.deband
  - avfilter.deblock
  - avfilter.dedot
  - avfilter.deflate
  - avfilter.deflicker
  - avfilter.deinterlace_vaapi
  - avfilter.delogo
  - avfilter.denoise_vaapi
  - avfilter.derain
  - avfilter.deshake
  - avfilter.despill
  - avfilter.dilation
  - avfilter.dilation_opencl
  - avfilter.doubleweave
  - avfilter.drawbox
  - avfilter.drawgraph
  - avfilter.drawgrid
  - avfilter.drawtext
  - avfilter.edgedetect
  - avfilter.elbg
  - avfilter.entropy
  - avfilter.eq
  - avfilter.erosion
  - avfilter.erosion_opencl
  - avfilter.fade
  - avfilter.fftdnoiz
  - avfilter.fftfilt
  - avfilter.field
  - avfilter.fieldhint
  - avfilter.fieldorder
  - avfilter.fillborders
  - avfilter.find_rect
  - avfilter.floodfill
  - avfilter.freezedetect
  - avfilter.fspp
  - avfilter.gblur
  - avfilter.geq
  - avfilter.gradfun
  - avfilter.graphmonitor
  - avfilter.greyedge
  - avfilter.hflip
  - avfilter.histeq
  - avfilter.histogram
  - avfilter.hqdn3d
  - avfilter.hqx
  - avfilter.hue
  - avfilter.hwdownload
  - avfilter.hwmap
  - avfilter.hwupload
  - avfilter.hwupload_cuda
  - avfilter.idet
  - avfilter.il
  - avfilter.inflate
  - avfilter.kerndeint
  - avfilter.lagfun
  - avfilter.lenscorrection
  - avfilter.limiter
  - avfilter.loop
  - avfilter.lumakey
  - avfilter.lut
  - avfilter.lut1d
  - avfilter.lut3d
  - avfilter.lutrgb
  - avfilter.lutyuv
  - avfilter.maskfun
  - avfilter.mcdeint
  - avfilter.metadata
  - avfilter.negate
  - avfilter.nlmeans
  - avfilter.nlmeans_opencl
  - avfilter.nnedi
  - avfilter.noise
  - avfilter.normalize
  - avfilter.oscilloscope
  - avfilter.owdenoise
  - avfilter.pad
  - avfilter.perspective
  - avfilter.phase
  - avfilter.pixscope
  - avfilter.pp
  - avfilter.pp7
  - avfilter.prewitt
  - avfilter.prewitt_opencl
  - avfilter.procamp_vaapi
  - avfilter.pseudocolor
  - avfilter.random
  - avfilter.realtime
  - avfilter.removegrain
  - avfilter.removelogo
  - avfilter.rgbashift
  - avfilter.roberts
  - avfilter.roberts_opencl
  - avfilter.rotate
  - avfilter.sab
  - avfilter.scale_vaapi
  - avfilter.selectivecolor
  - avfilter.setrange
  - avfilter.sharpness_vaapi
  - avfilter.showinfo
  - avfilter.shuffleframes
  - avfilter.shuffleplanes
  - avfilter.sidedata
  - avfilter.signalstats
  - avfilter.smartblur
  - avfilter.sobel
  - avfilter.sobel_opencl
  - avfilter.spp
  - avfilter.sr
  - avfilter.stereo3d
  - avfilter.subtitles
  - avfilter.super2xsai
  - avfilter.swaprect
  - avfilter.swapuv
  - avfilter.tblend
  - avfilter.tlut2
  - avfilter.tmix
  - avfilter.tonemap
  - avfilter.tonemap_opencl
  - avfilter.tpad
  - avfilter.transpose
  - avfilter.transpose_opencl
  - avfilter.transpose_vaapi
  - avfilter.unsharp
  - avfilter.unsharp_opencl
  - avfilter.uspp
  - avfilter.vaguedenoiser
  - avfilter.vectorscope
  - avfilter.vflip
  - avfilter.vibrance
  - avfilter.vignette
  - avfilter.vmafmotion
  - avfilter.w3fdif
  - avfilter.waveform
  - avfilter.weave
  - avfilter.xbr
  - avfilter.yadif
  - avfilter.zmq
  - avfilter.zoompan
  - swresample
  - deinterlace
  - affine
  - charcoal
  - dynamictext
  - dynamic_loudness
  - invert
  - lift_gamma_gain
  - loudness
  - loudness_meter
  - lumakey
  - rgblut
  - sepia
  - spot_remover
  - text
  - timer
  - dance
  - fft
  - videostab
  - videostab2
  - glsl.manager
  - movit.blur
  - movit.convert
  - movit.crop
  - movit.diffusion
  - movit.flip
  - movit.glow
  - movit.lift_gamma_gain
  - movit.mirror
  - movit.opacity
  - movit.rect
  - movit.resample
  - movit.resize
  - movit.saturation
  - movit.sharpen
  - movit.vignette
  - movit.white_balance
  - oldfilm
  - dust
  - lines
  - grain
  - tcolor
  - vignette
  - BurningTV
  - burningtv
  - lumaliftgaingamma
  - rotoscoping
  - telecide
  - audiochannels
  - audioconvert
  - audiomap
  - audiowave
  - brightness
  - channelcopy
  - channelswap
  - crop
  - data_feed
  - data_show
  - gamma
  - greyscale
  - grayscale
  - imageconvert
  - luma
  - mask_apply
  - mask_start
  - mirror
  - mono
  - obscure
  - panner
  - region
  - transition
  - watermark
...
